
Microsoft Visual Studio Solution File, Format Version 12.00
# Visual Studio Version 17
VisualStudioVersion = 17.10.35013.160
MinimumVisualStudioVersion = 10.0.40219.1
Project("{9A19103F-16F7-4668-BE54-9A1E7A4F7556}") = "EntraIDAppRegistrationDomainVerify", "EntraIDAppRegistrationDomainVerify.csproj", "{A60FEBD4-E53C-4D5D-8A9F-F1F3EFE65241}"
EndProject
Global
	GlobalSection(SolutionConfigurationPlatforms) = preSolution
		Debug|Any CPU = Debug|Any CPU
		Debug|x64 = Debug|x64
		Release|Any CPU = Release|Any CPU
		Release|x64 = Release|x64
	EndGlobalSection
	GlobalSection(ProjectConfigurationPlatforms) = postSolution
		{A60FEBD4-E53C-4D5D-8A9F-F1F3EFE65241}.Debug|Any CPU.ActiveCfg = Debug|Any CPU
		{A60FEBD4-E53C-4D5D-8A9F-F1F3EFE65241}.Debug|Any CPU.Build.0 = Debug|Any CPU
		{A60FEBD4-E53C-4D5D-8A9F-F1F3EFE65241}.Debug|x64.ActiveCfg = Debug|Any CPU
		{A60FEBD4-E53C-4D5D-8A9F-F1F3EFE65241}.Debug|x64.Build.0 = Debug|Any CPU
		{A60FEBD4-E53C-4D5D-8A9F-F1F3EFE65241}.Release|Any CPU.ActiveCfg = Release|Any CPU
		{A60FEBD4-E53C-4D5D-8A9F-F1F3EFE65241}.Release|Any CPU.Build.0 = Release|Any CPU
		{A60FEBD4-E53C-4D5D-8A9F-F1F3EFE65241}.Release|x64.ActiveCfg = Release|Any CPU
		{A60FEBD4-E53C-4D5D-8A9F-F1F3EFE65241}.Release|x64.Build.0 = Release|Any CPU
	EndGlobalSection
	GlobalSection(SolutionProperties) = preSolution
		HideSolutionNode = FALSE
	EndGlobalSection
	GlobalSection(ExtensibilityGlobals) = postSolution
		SolutionGuid = {70A88D3F-FE2C-4572-A212-41F368EB12A1}
	EndGlobalSection
EndGlobal
